
Microsoft Visual Studio Solution File, Format Version 12.00
# Visual Studio 15
VisualStudioVersion = 15.0.28307.421
MinimumVisualStudioVersion = 10.0.40219.1
Project("{FAE04EC0-301F-11D3-BF4B-00C04F79EFBC}") = "Encrypt", "Encrypt\Encrypt.csproj", "{F8FC33B8-12AB-43A0-9F66-DD1DCBF8577E}"
EndProject
Global
	GlobalSection(SolutionConfigurationPlatforms) = preSolution
		Debug|Any CPU = Debug|Any CPU
		Release|Any CPU = Release|Any CPU
	EndGlobalSection
	GlobalSection(ProjectConfigurationPlatforms) = postSolution
		{F8FC33B8-12AB-43A0-9F66-DD1DCBF8577E}.Debug|Any CPU.ActiveCfg = Debug|Any CPU
		{F8FC33B8-12AB-43A0-9F66-DD1DCBF8577E}.Debug|Any CPU.Build.0 = Debug|Any CPU
		{F8FC33B8-12AB-43A0-9F66-DD1DCBF8577E}.Release|Any CPU.ActiveCfg = Release|Any CPU
		{F8FC33B8-12AB-43A0-9F66-DD1DCBF8577E}.Release|Any CPU.Build.0 = Release|Any CPU
	EndGlobalSection
	GlobalSection(SolutionProperties) = preSolution
		HideSolutionNode = FALSE
	EndGlobalSection
	GlobalSection(ExtensibilityGlobals) = postSolution
		SolutionGuid = {0E6F21D0-C6C9-4C66-AF94-07F1FD8A2CB3}
	EndGlobalSection
EndGlobal
